// !$*UTF8*$!
{
	archiveVersion = 1;
	classes = {
	};
	objectVersion = 56;
	objects = {

/* Begin PBXBuildFile section */
		C3363C342CD50DA70006725D /* IVGameContext.swift in Sources */ = {isa = PBXBuildFile; fileRef = C3363C332CD50DA70006725D /* IVGameContext.swift */; };
		C3363C362CD50DB20006725D /* IVGameScene.swift in Sources */ = {isa = PBXBuildFile; fileRef = C3363C352CD50DB20006725D /* IVGameScene.swift */; };
		C3363C382CD510690006725D /* IVGameInfo.swift in Sources */ = {isa = PBXBuildFile; fileRef = C3363C372CD510690006725D /* IVGameInfo.swift */; };
		C3363C3A2CD510760006725D /* IVLayoutInfo.swift in Sources */ = {isa = PBXBuildFile; fileRef = C3363C392CD510750006725D /* IVLayoutInfo.swift */; };
		C3363C3C2CD510930006725D /* IVShipNode.swift in Sources */ = {isa = PBXBuildFile; fileRef = C3363C3B2CD510930006725D /* IVShipNode.swift */; };
		C3363C3E2CD5123A0006725D /* IVGameIdleState.swift in Sources */ = {isa = PBXBuildFile; fileRef = C3363C3D2CD5123A0006725D /* IVGameIdleState.swift */; };
		C3363C402CD52AC90006725D /* IVBackgroundNode.swift in Sources */ = {isa = PBXBuildFile; fileRef = C3363C3F2CD52AC90006725D /* IVBackgroundNode.swift */; };
		C343532B2CEA472800EB96F4 /* IVScrollingBorderManager.swift in Sources */ = {isa = PBXBuildFile; fileRef = C343532A2CEA472800EB96F4 /* IVScrollingBorderManager.swift */; };
		C36E1CD62CE852570005AFDB /* IVBackgroundManager.swift in Sources */ = {isa = PBXBuildFile; fileRef = C36E1CD52CE852570005AFDB /* IVBackgroundManager.swift */; };
		C36E1CDA2CE939460005AFDB /* IVCircleBombManager.swift in Sources */ = {isa = PBXBuildFile; fileRef = C36E1CD92CE939460005AFDB /* IVCircleBombManager.swift */; };
		C36E1CDC2CE9452E0005AFDB /* IVCircleBombState.swift in Sources */ = {isa = PBXBuildFile; fileRef = C36E1CDB2CE9452E0005AFDB /* IVCircleBombState.swift */; };
		C36E1CDE2CE972620005AFDB /* IVProjectileManager.swift in Sources */ = {isa = PBXBuildFile; fileRef = C36E1CDD2CE972620005AFDB /* IVProjectileManager.swift */; };
		C36FBF3A2CDEEB1B00F3678B /* IVFollowPathState.swift in Sources */ = {isa = PBXBuildFile; fileRef = C36FBF392CDEEB1B00F3678B /* IVFollowPathState.swift */; };
		C36FBF3C2CDEF1D500F3678B /* IVColorWaveState.swift in Sources */ = {isa = PBXBuildFile; fileRef = C36FBF3B2CDEF1D500F3678B /* IVColorWaveState.swift */; };
		C3C5619D2CD925B3000D9F77 /* IVMainMenuState.swift in Sources */ = {isa = PBXBuildFile; fileRef = C3C5619C2CD925B3000D9F77 /* IVMainMenuState.swift */; };
		C3C5619F2CD926A2000D9F77 /* IVGamePlayState.swift in Sources */ = {isa = PBXBuildFile; fileRef = C3C5619E2CD926A2000D9F77 /* IVGamePlayState.swift */; };
		C3C561A12CD9276F000D9F77 /* IVGameOverState.swift in Sources */ = {isa = PBXBuildFile; fileRef = C3C561A02CD9276F000D9F77 /* IVGameOverState.swift */; };
		C3D35F3F2CCDCB4900BC50A2 /* IronVipersApp.swift in Sources */ = {isa = PBXBuildFile; fileRef = C3D35F3E2CCDCB4900BC50A2 /* IronVipersApp.swift */; };
		C3D35F412CCDCB4900BC50A2 /* ContentView.swift in Sources */ = {isa = PBXBuildFile; fileRef = C3D35F402CCDCB4900BC50A2 /* ContentView.swift */; };
		C3D35F432CCDCB4B00BC50A2 /* Assets.xcassets in Resources */ = {isa = PBXBuildFile; fileRef = C3D35F422CCDCB4B00BC50A2 /* Assets.xcassets */; };
		C3D35F462CCDCB4B00BC50A2 /* Preview Assets.xcassets in Resources */ = {isa = PBXBuildFile; fileRef = C3D35F452CCDCB4B00BC50A2 /* Preview Assets.xcassets */; };
		C3D35F502CCDD04000BC50A2 /* GameModeType.swift in Sources */ = {isa = PBXBuildFile; fileRef = C3D35F4C2CCDD04000BC50A2 /* GameModeType.swift */; };
		C3D35F512CCDD04000BC50A2 /* Dependencies.swift in Sources */ = {isa = PBXBuildFile; fileRef = C3D35F4D2CCDD04000BC50A2 /* Dependencies.swift */; };
		C3D35F522CCDD04000BC50A2 /* GameContext.swift in Sources */ = {isa = PBXBuildFile; fileRef = C3D35F4E2CCDD04000BC50A2 /* GameContext.swift */; };
		C3D35F532CCDD04000BC50A2 /* GameType.swift in Sources */ = {isa = PBXBuildFile; fileRef = C3D35F4F2CCDD04000BC50A2 /* GameType.swift */; };
		C3E0FEFB2CE7CAF500107EBD /* IVDemoState.swift in Sources */ = {isa = PBXBuildFile; fileRef = C3E0FEFA2CE7CAF500107EBD /* IVDemoState.swift */; };
		C3E0FEFF2CE7D52000107EBD /* IVLabelNode.swift in Sources */ = {isa = PBXBuildFile; fileRef = C3E0FEFE2CE7D52000107EBD /* IVLabelNode.swift */; };
		C3F5FD672CDD8FB00017B838 /* Assets.xcassets in Resources */ = {isa = PBXBuildFile; fileRef = C3F5FD652CDD8FB00017B838 /* Assets.xcassets */; };
		C3F5FD682CDD8FB00017B838 /* RedParticle.sks in Resources */ = {isa = PBXBuildFile; fileRef = C3F5FD662CDD8FB00017B838 /* RedParticle.sks */; };
		C3F5FD6A2CDD90070017B838 /* GreenParticle.sks in Resources */ = {isa = PBXBuildFile; fileRef = C3F5FD692CDD90070017B838 /* GreenParticle.sks */; };
		C3F5FD6C2CDD90F00017B838 /* BlueParticle.sks in Resources */ = {isa = PBXBuildFile; fileRef = C3F5FD6B2CDD90F00017B838 /* BlueParticle.sks */; };
		C3F5FD6E2CDDBA940017B838 /* IVLaserGameState.swift in Sources */ = {isa = PBXBuildFile; fileRef = C3F5FD6D2CDDBA940017B838 /* IVLaserGameState.swift */; };
/* End PBXBuildFile section */

/* Begin PBXFileReference section */
		C3363C332CD50DA70006725D /* IVGameContext.swift */ = {isa = PBXFileReference; lastKnownFileType = sourcecode.swift; path = IVGameContext.swift; sourceTree = "<group>"; };
		C3363C352CD50DB20006725D /* IVGameScene.swift */ = {isa = PBXFileReference; lastKnownFileType = sourcecode.swift; path = IVGameScene.swift; sourceTree = "<group>"; };
		C3363C372CD510690006725D /* IVGameInfo.swift */ = {isa = PBXFileReference; lastKnownFileType = sourcecode.swift; path = IVGameInfo.swift; sourceTree = "<group>"; };
		C3363C392CD510750006725D /* IVLayoutInfo.swift */ = {isa = PBXFileReference; lastKnownFileType = sourcecode.swift; path = IVLayoutInfo.swift; sourceTree = "<group>"; };
		C3363C3B2CD510930006725D /* IVShipNode.swift */ = {isa = PBXFileReference; lastKnownFileType = sourcecode.swift; path = IVShipNode.swift; sourceTree = "<group>"; };
		C3363C3D2CD5123A0006725D /* IVGameIdleState.swift */ = {isa = PBXFileReference; lastKnownFileType = sourcecode.swift; path = IVGameIdleState.swift; sourceTree = "<group>"; };
		C3363C3F2CD52AC90006725D /* IVBackgroundNode.swift */ = {isa = PBXFileReference; lastKnownFileType = sourcecode.swift; path = IVBackgroundNode.swift; sourceTree = "<group>"; };
		C343532A2CEA472800EB96F4 /* IVScrollingBorderManager.swift */ = {isa = PBXFileReference; lastKnownFileType = sourcecode.swift; path = IVScrollingBorderManager.swift; sourceTree = "<group>"; };
		C36E1CD52CE852570005AFDB /* IVBackgroundManager.swift */ = {isa = PBXFileReference; lastKnownFileType = sourcecode.swift; path = IVBackgroundManager.swift; sourceTree = "<group>"; };
		C36E1CD92CE939460005AFDB /* IVCircleBombManager.swift */ = {isa = PBXFileReference; lastKnownFileType = sourcecode.swift; path = IVCircleBombManager.swift; sourceTree = "<group>"; };
		C36E1CDB2CE9452E0005AFDB /* IVCircleBombState.swift */ = {isa = PBXFileReference; lastKnownFileType = sourcecode.swift; path = IVCircleBombState.swift; sourceTree = "<group>"; };
		C36E1CDD2CE972620005AFDB /* IVProjectileManager.swift */ = {isa = PBXFileReference; lastKnownFileType = sourcecode.swift; path = IVProjectileManager.swift; sourceTree = "<group>"; };
		C36FBF392CDEEB1B00F3678B /* IVFollowPathState.swift */ = {isa = PBXFileReference; lastKnownFileType = sourcecode.swift; path = IVFollowPathState.swift; sourceTree = "<group>"; };
		C36FBF3B2CDEF1D500F3678B /* IVColorWaveState.swift */ = {isa = PBXFileReference; lastKnownFileType = sourcecode.swift; path = IVColorWaveState.swift; sourceTree = "<group>"; };
		C3C5619C2CD925B3000D9F77 /* IVMainMenuState.swift */ = {isa = PBXFileReference; lastKnownFileType = sourcecode.swift; path = IVMainMenuState.swift; sourceTree = "<group>"; };
		C3C5619E2CD926A2000D9F77 /* IVGamePlayState.swift */ = {isa = PBXFileReference; lastKnownFileType = sourcecode.swift; path = IVGamePlayState.swift; sourceTree = "<group>"; };
		C3C561A02CD9276F000D9F77 /* IVGameOverState.swift */ = {isa = PBXFileReference; lastKnownFileType = sourcecode.swift; path = IVGameOverState.swift; sourceTree = "<group>"; };
		C3D35F3B2CCDCB4900BC50A2 /* IronVipers.app */ = {isa = PBXFileReference; explicitFileType = wrapper.application; includeInIndex = 0; path = IronVipers.app; sourceTree = BUILT_PRODUCTS_DIR; };
		C3D35F3E2CCDCB4900BC50A2 /* IronVipersApp.swift */ = {isa = PBXFileReference; lastKnownFileType = sourcecode.swift; path = IronVipersApp.swift; sourceTree = "<group>"; };
		C3D35F402CCDCB4900BC50A2 /* ContentView.swift */ = {isa = PBXFileReference; lastKnownFileType = sourcecode.swift; path = ContentView.swift; sourceTree = "<group>"; };
		C3D35F422CCDCB4B00BC50A2 /* Assets.xcassets */ = {isa = PBXFileReference; lastKnownFileType = folder.assetcatalog; path = Assets.xcassets; sourceTree = "<group>"; };
		C3D35F452CCDCB4B00BC50A2 /* Preview Assets.xcassets */ = {isa = PBXFileReference; lastKnownFileType = folder.assetcatalog; path = "Preview Assets.xcassets"; sourceTree = "<group>"; };
		C3D35F4C2CCDD04000BC50A2 /* GameModeType.swift */ = {isa = PBXFileReference; fileEncoding = 4; lastKnownFileType = sourcecode.swift; path = GameModeType.swift; sourceTree = "<group>"; };
		C3D35F4D2CCDD04000BC50A2 /* Dependencies.swift */ = {isa = PBXFileReference; fileEncoding = 4; lastKnownFileType = sourcecode.swift; path = Dependencies.swift; sourceTree = "<group>"; };
		C3D35F4E2CCDD04000BC50A2 /* GameContext.swift */ = {isa = PBXFileReference; fileEncoding = 4; lastKnownFileType = sourcecode.swift; path = GameContext.swift; sourceTree = "<group>"; };
		C3D35F4F2CCDD04000BC50A2 /* GameType.swift */ = {isa = PBXFileReference; fileEncoding = 4; lastKnownFileType = sourcecode.swift; path = GameType.swift; sourceTree = "<group>"; };
		C3E0FEFA2CE7CAF500107EBD /* IVDemoState.swift */ = {isa = PBXFileReference; lastKnownFileType = sourcecode.swift; path = IVDemoState.swift; sourceTree = "<group>"; };
		C3E0FEFE2CE7D52000107EBD /* IVLabelNode.swift */ = {isa = PBXFileReference; lastKnownFileType = sourcecode.swift; path = IVLabelNode.swift; sourceTree = "<group>"; };
		C3F5FD652CDD8FB00017B838 /* Assets.xcassets */ = {isa = PBXFileReference; lastKnownFileType = folder.assetcatalog; path = Assets.xcassets; sourceTree = "<group>"; };
		C3F5FD662CDD8FB00017B838 /* RedParticle.sks */ = {isa = PBXFileReference; lastKnownFileType = file.sks; path = RedParticle.sks; sourceTree = "<group>"; };
		C3F5FD692CDD90070017B838 /* GreenParticle.sks */ = {isa = PBXFileReference; lastKnownFileType = file.sks; path = GreenParticle.sks; sourceTree = "<group>"; };
		C3F5FD6B2CDD90F00017B838 /* BlueParticle.sks */ = {isa = PBXFileReference; lastKnownFileType = file.sks; path = BlueParticle.sks; sourceTree = "<group>"; };
		C3F5FD6D2CDDBA940017B838 /* IVLaserGameState.swift */ = {isa = PBXFileReference; lastKnownFileType = sourcecode.swift; path = IVLaserGameState.swift; sourceTree = "<group>"; };
/* End PBXFileReference section */

/* Begin PBXFrameworksBuildPhase section */
		C3D35F382CCDCB4900BC50A2 /* Frameworks */ = {
			isa = PBXFrameworksBuildPhase;
			buildActionMask = 2147483647;
			files = (
			);
			runOnlyForDeploymentPostprocessing = 0;
		};
/* End PBXFrameworksBuildPhase section */

/* Begin PBXGroup section */
		C3363C2F2CD50D220006725D /* States */ = {
			isa = PBXGroup;
			children = (
				C3363C3D2CD5123A0006725D /* IVGameIdleState.swift */,
				C3C5619C2CD925B3000D9F77 /* IVMainMenuState.swift */,
				C3C5619E2CD926A2000D9F77 /* IVGamePlayState.swift */,
				C3C561A02CD9276F000D9F77 /* IVGameOverState.swift */,
				C3F5FD6D2CDDBA940017B838 /* IVLaserGameState.swift */,
				C36FBF392CDEEB1B00F3678B /* IVFollowPathState.swift */,
				C36FBF3B2CDEF1D500F3678B /* IVColorWaveState.swift */,
				C3E0FEFA2CE7CAF500107EBD /* IVDemoState.swift */,
				C36E1CDB2CE9452E0005AFDB /* IVCircleBombState.swift */,
			);
			path = States;
			sourceTree = "<group>";
		};
		C3363C302CD50D290006725D /* Nodes */ = {
			isa = PBXGroup;
			children = (
				C3363C3B2CD510930006725D /* IVShipNode.swift */,
				C3363C3F2CD52AC90006725D /* IVBackgroundNode.swift */,
				C3F5FD652CDD8FB00017B838 /* Assets.xcassets */,
				C3F5FD662CDD8FB00017B838 /* RedParticle.sks */,
				C3F5FD692CDD90070017B838 /* GreenParticle.sks */,
				C3F5FD6B2CDD90F00017B838 /* BlueParticle.sks */,
			);
			path = Nodes;
			sourceTree = "<group>";
		};
		C3363C312CD50D440006725D /* Models */ = {
			isa = PBXGroup;
			children = (
				C3E0FEFE2CE7D52000107EBD /* IVLabelNode.swift */,
				C36E1CD52CE852570005AFDB /* IVBackgroundManager.swift */,
				C36E1CD92CE939460005AFDB /* IVCircleBombManager.swift */,
				C36E1CDD2CE972620005AFDB /* IVProjectileManager.swift */,
				C343532A2CEA472800EB96F4 /* IVScrollingBorderManager.swift */,
			);
			path = Models;
			sourceTree = "<group>";
		};
		C3363C322CD50D840006725D /* Helpers */ = {
			isa = PBXGroup;
			children = (
				C3363C372CD510690006725D /* IVGameInfo.swift */,
				C3363C392CD510750006725D /* IVLayoutInfo.swift */,
			);
			path = Helpers;
			sourceTree = "<group>";
		};
		C3D35F322CCDCB4900BC50A2 = {
			isa = PBXGroup;
			children = (
				C3D35F562CCDD06C00BC50A2 /* Base */,
				C3D35F552CCDD06100BC50A2 /* Assets */,
				C3D35F542CCDD05300BC50A2 /* Code */,
				C3D35F3D2CCDCB4900BC50A2 /* IronVipers */,
				C3D35F3C2CCDCB4900BC50A2 /* Products */,
			);
			sourceTree = "<group>";
		};
		C3D35F3C2CCDCB4900BC50A2 /* Products */ = {
			isa = PBXGroup;
			children = (
				C3D35F3B2CCDCB4900BC50A2 /* IronVipers.app */,
			);
			name = Products;
			sourceTree = "<group>";
		};
		C3D35F3D2CCDCB4900BC50A2 /* IronVipers */ = {
			isa = PBXGroup;
			children = (
				C3D35F3E2CCDCB4900BC50A2 /* IronVipersApp.swift */,
				C3D35F402CCDCB4900BC50A2 /* ContentView.swift */,
				C3D35F442CCDCB4B00BC50A2 /* Preview Content */,
			);
			path = IronVipers;
			sourceTree = "<group>";
		};
		C3D35F442CCDCB4B00BC50A2 /* Preview Content */ = {
			isa = PBXGroup;
			children = (
				C3D35F452CCDCB4B00BC50A2 /* Preview Assets.xcassets */,
			);
			path = "Preview Content";
			sourceTree = "<group>";
		};
		C3D35F542CCDD05300BC50A2 /* Code */ = {
			isa = PBXGroup;
			children = (
				C3363C2F2CD50D220006725D /* States */,
				C3363C302CD50D290006725D /* Nodes */,
				C3363C312CD50D440006725D /* Models */,
				C3363C322CD50D840006725D /* Helpers */,
				C3363C332CD50DA70006725D /* IVGameContext.swift */,
				C3363C352CD50DB20006725D /* IVGameScene.swift */,
			);
			path = Code;
			sourceTree = "<group>";
		};
		C3D35F552CCDD06100BC50A2 /* Assets */ = {
			isa = PBXGroup;
			children = (
				C3D35F422CCDCB4B00BC50A2 /* Assets.xcassets */,
			);
			path = Assets;
			sourceTree = "<group>";
		};
		C3D35F562CCDD06C00BC50A2 /* Base */ = {
			isa = PBXGroup;
			children = (
				C3D35F4D2CCDD04000BC50A2 /* Dependencies.swift */,
				C3D35F4E2CCDD04000BC50A2 /* GameContext.swift */,
				C3D35F4C2CCDD04000BC50A2 /* GameModeType.swift */,
				C3D35F4F2CCDD04000BC50A2 /* GameType.swift */,
			);
			path = Base;
			sourceTree = "<group>";
		};
/* End PBXGroup section */

/* Begin PBXNativeTarget section */
		C3D35F3A2CCDCB4900BC50A2 /* IronVipers */ = {
			isa = PBXNativeTarget;
			buildConfigurationList = C3D35F492CCDCB4B00BC50A2 /* Build configuration list for PBXNativeTarget "IronVipers" */;
			buildPhases = (
				C3D35F372CCDCB4900BC50A2 /* Sources */,
				C3D35F382CCDCB4900BC50A2 /* Frameworks */,
				C3D35F392CCDCB4900BC50A2 /* Resources */,
			);
			buildRules = (
			);
			dependencies = (
			);
			name = IronVipers;
			productName = IronVipers;
			productReference = C3D35F3B2CCDCB4900BC50A2 /* IronVipers.app */;
			productType = "com.apple.product-type.application";
		};
/* End PBXNativeTarget section */

/* Begin PBXProject section */
		C3D35F332CCDCB4900BC50A2 /* Project object */ = {
			isa = PBXProject;
			attributes = {
				BuildIndependentTargetsInParallel = 1;
				LastSwiftUpdateCheck = 1540;
				LastUpgradeCheck = 1540;
				TargetAttributes = {
					C3D35F3A2CCDCB4900BC50A2 = {
						CreatedOnToolsVersion = 15.4;
					};
				};
			};
			buildConfigurationList = C3D35F362CCDCB4900BC50A2 /* Build configuration list for PBXProject "IronVipers" */;
			compatibilityVersion = "Xcode 14.0";
			developmentRegion = en;
			hasScannedForEncodings = 0;
			knownRegions = (
				en,
				Base,
			);
			mainGroup = C3D35F322CCDCB4900BC50A2;
			productRefGroup = C3D35F3C2CCDCB4900BC50A2 /* Products */;
			projectDirPath = "";
			projectRoot = "";
			targets = (
				C3D35F3A2CCDCB4900BC50A2 /* IronVipers */,
			);
		};
/* End PBXProject section */

/* Begin PBXResourcesBuildPhase section */
		C3D35F392CCDCB4900BC50A2 /* Resources */ = {
			isa = PBXResourcesBuildPhase;
			buildActionMask = 2147483647;
			files = (
				C3F5FD672CDD8FB00017B838 /* Assets.xcassets in Resources */,
				C3F5FD6C2CDD90F00017B838 /* BlueParticle.sks in Resources */,
				C3F5FD682CDD8FB00017B838 /* RedParticle.sks in Resources */,
				C3D35F462CCDCB4B00BC50A2 /* Preview Assets.xcassets in Resources */,
				C3F5FD6A2CDD90070017B838 /* GreenParticle.sks in Resources */,
				C3D35F432CCDCB4B00BC50A2 /* Assets.xcassets in Resources */,
			);
			runOnlyForDeploymentPostprocessing = 0;
		};
/* End PBXResourcesBuildPhase section */

/* Begin PBXSourcesBuildPhase section */
		C3D35F372CCDCB4900BC50A2 /* Sources */ = {
			isa = PBXSourcesBuildPhase;
			buildActionMask = 2147483647;
			files = (
				C3C5619D2CD925B3000D9F77 /* IVMainMenuState.swift in Sources */,
				C36FBF3C2CDEF1D500F3678B /* IVColorWaveState.swift in Sources */,
				C3363C3E2CD5123A0006725D /* IVGameIdleState.swift in Sources */,
				C3F5FD6E2CDDBA940017B838 /* IVLaserGameState.swift in Sources */,
				C3363C3C2CD510930006725D /* IVShipNode.swift in Sources */,
				C3D35F512CCDD04000BC50A2 /* Dependencies.swift in Sources */,
				C3D35F522CCDD04000BC50A2 /* GameContext.swift in Sources */,
				C3D35F502CCDD04000BC50A2 /* GameModeType.swift in Sources */,
				C3C561A12CD9276F000D9F77 /* IVGameOverState.swift in Sources */,
				C3E0FEFB2CE7CAF500107EBD /* IVDemoState.swift in Sources */,
				C36E1CD62CE852570005AFDB /* IVBackgroundManager.swift in Sources */,
				C3363C362CD50DB20006725D /* IVGameScene.swift in Sources */,
				C36E1CDE2CE972620005AFDB /* IVProjectileManager.swift in Sources */,
				C36E1CDC2CE9452E0005AFDB /* IVCircleBombState.swift in Sources */,
				C3D35F412CCDCB4900BC50A2 /* ContentView.swift in Sources */,
				C36FBF3A2CDEEB1B00F3678B /* IVFollowPathState.swift in Sources */,
				C3363C402CD52AC90006725D /* IVBackgroundNode.swift in Sources */,
				C3363C382CD510690006725D /* IVGameInfo.swift in Sources */,
				C3363C3A2CD510760006725D /* IVLayoutInfo.swift in Sources */,
				C3363C342CD50DA70006725D /* IVGameContext.swift in Sources */,
				C343532B2CEA472800EB96F4 /* IVScrollingBorderManager.swift in Sources */,
				C3D35F3F2CCDCB4900BC50A2 /* IronVipersApp.swift in Sources */,
				C3D35F532CCDD04000BC50A2 /* GameType.swift in Sources */,
				C36E1CDA2CE939460005AFDB /* IVCircleBombManager.swift in Sources */,
				C3C5619F2CD926A2000D9F77 /* IVGamePlayState.swift in Sources */,
				C3E0FEFF2CE7D52000107EBD /* IVLabelNode.swift in Sources */,
			);
			runOnlyForDeploymentPostprocessing = 0;
		};
/* End PBXSourcesBuildPhase section */

/* Begin XCBuildConfiguration section */
		C3D35F472CCDCB4B00BC50A2 /* Debug */ = {
			isa = XCBuildConfiguration;
			buildSettings = {
				ALWAYS_SEARCH_USER_PATHS = NO;
				ASSETCATALOG_COMPILER_GENERATE_SWIFT_ASSET_SYMBOL_EXTENSIONS = YES;
				CLANG_ANALYZER_NONNULL = YES;
				CLANG_ANALYZER_NUMBER_OBJECT_CONVERSION = YES_AGGRESSIVE;
				CLANG_CXX_LANGUAGE_STANDARD = "gnu++20";
				CLANG_ENABLE_MODULES = YES;
				CLANG_ENABLE_OBJC_ARC = YES;
				CLANG_ENABLE_OBJC_WEAK = YES;
				CLANG_WARN_BLOCK_CAPTURE_AUTORELEASING = YES;
				CLANG_WARN_BOOL_CONVERSION = YES;
				CLANG_WARN_COMMA = YES;
				CLANG_WARN_CONSTANT_CONVERSION = YES;
				CLANG_WARN_DEPRECATED_OBJC_IMPLEMENTATIONS = YES;
				CLANG_WARN_DIRECT_OBJC_ISA_USAGE = YES_ERROR;
				CLANG_WARN_DOCUMENTATION_COMMENTS = YES;
				CLANG_WARN_EMPTY_BODY = YES;
				CLANG_WARN_ENUM_CONVERSION = YES;
				CLANG_WARN_INFINITE_RECURSION = YES;
				CLANG_WARN_INT_CONVERSION = YES;
				CLANG_WARN_NON_LITERAL_NULL_CONVERSION = YES;
				CLANG_WARN_OBJC_IMPLICIT_RETAIN_SELF = YES;
				CLANG_WARN_OBJC_LITERAL_CONVERSION = YES;
				CLANG_WARN_OBJC_ROOT_CLASS = YES_ERROR;
				CLANG_WARN_QUOTED_INCLUDE_IN_FRAMEWORK_HEADER = YES;
				CLANG_WARN_RANGE_LOOP_ANALYSIS = YES;
				CLANG_WARN_STRICT_PROTOTYPES = YES;
				CLANG_WARN_SUSPICIOUS_MOVE = YES;
				CLANG_WARN_UNGUARDED_AVAILABILITY = YES_AGGRESSIVE;
				CLANG_WARN_UNREACHABLE_CODE = YES;
				CLANG_WARN__DUPLICATE_METHOD_MATCH = YES;
				COPY_PHASE_STRIP = NO;
				DEBUG_INFORMATION_FORMAT = dwarf;
				ENABLE_STRICT_OBJC_MSGSEND = YES;
				ENABLE_TESTABILITY = YES;
				ENABLE_USER_SCRIPT_SANDBOXING = YES;
				GCC_C_LANGUAGE_STANDARD = gnu17;
				GCC_DYNAMIC_NO_PIC = NO;
				GCC_NO_COMMON_BLOCKS = YES;
				GCC_OPTIMIZATION_LEVEL = 0;
				GCC_PREPROCESSOR_DEFINITIONS = (
					"DEBUG=1",
					"$(inherited)",
				);
				GCC_WARN_64_TO_32_BIT_CONVERSION = YES;
				GCC_WARN_ABOUT_RETURN_TYPE = YES_ERROR;
				GCC_WARN_UNDECLARED_SELECTOR = YES;
				GCC_WARN_UNINITIALIZED_AUTOS = YES_AGGRESSIVE;
				GCC_WARN_UNUSED_FUNCTION = YES;
				GCC_WARN_UNUSED_VARIABLE = YES;
				IPHONEOS_DEPLOYMENT_TARGET = 17.5;
				LOCALIZATION_PREFERS_STRING_CATALOGS = YES;
				MTL_ENABLE_DEBUG_INFO = INCLUDE_SOURCE;
				MTL_FAST_MATH = YES;
				ONLY_ACTIVE_ARCH = YES;
				SDKROOT = iphoneos;
				SWIFT_ACTIVE_COMPILATION_CONDITIONS = "DEBUG $(inherited)";
				SWIFT_OPTIMIZATION_LEVEL = "-Onone";
			};
			name = Debug;
		};
		C3D35F482CCDCB4B00BC50A2 /* Release */ = {
			isa = XCBuildConfiguration;
			buildSettings = {
				ALWAYS_SEARCH_USER_PATHS = NO;
				ASSETCATALOG_COMPILER_GENERATE_SWIFT_ASSET_SYMBOL_EXTENSIONS = YES;
				CLANG_ANALYZER_NONNULL = YES;
				CLANG_ANALYZER_NUMBER_OBJECT_CONVERSION = YES_AGGRESSIVE;
				CLANG_CXX_LANGUAGE_STANDARD = "gnu++20";
				CLANG_ENABLE_MODULES = YES;
				CLANG_ENABLE_OBJC_ARC = YES;
				CLANG_ENABLE_OBJC_WEAK = YES;
				CLANG_WARN_BLOCK_CAPTURE_AUTORELEASING = YES;
				CLANG_WARN_BOOL_CONVERSION = YES;
				CLANG_WARN_COMMA = YES;
				CLANG_WARN_CONSTANT_CONVERSION = YES;
				CLANG_WARN_DEPRECATED_OBJC_IMPLEMENTATIONS = YES;
				CLANG_WARN_DIRECT_OBJC_ISA_USAGE = YES_ERROR;
				CLANG_WARN_DOCUMENTATION_COMMENTS = YES;
				CLANG_WARN_EMPTY_BODY = YES;
				CLANG_WARN_ENUM_CONVERSION = YES;
				CLANG_WARN_INFINITE_RECURSION = YES;
				CLANG_WARN_INT_CONVERSION = YES;
				CLANG_WARN_NON_LITERAL_NULL_CONVERSION = YES;
				CLANG_WARN_OBJC_IMPLICIT_RETAIN_SELF = YES;
				CLANG_WARN_OBJC_LITERAL_CONVERSION = YES;
				CLANG_WARN_OBJC_ROOT_CLASS = YES_ERROR;
				CLANG_WARN_QUOTED_INCLUDE_IN_FRAMEWORK_HEADER = YES;
				CLANG_WARN_RANGE_LOOP_ANALYSIS = YES;
				CLANG_WARN_STRICT_PROTOTYPES = YES;
				CLANG_WARN_SUSPICIOUS_MOVE = YES;
				CLANG_WARN_UNGUARDED_AVAILABILITY = YES_AGGRESSIVE;
				CLANG_WARN_UNREACHABLE_CODE = YES;
				CLANG_WARN__DUPLICATE_METHOD_MATCH = YES;
				COPY_PHASE_STRIP = NO;
				DEBUG_INFORMATION_FORMAT = "dwarf-with-dsym";
				ENABLE_NS_ASSERTIONS = NO;
				ENABLE_STRICT_OBJC_MSGSEND = YES;
				ENABLE_USER_SCRIPT_SANDBOXING = YES;
				GCC_C_LANGUAGE_STANDARD = gnu17;
				GCC_NO_COMMON_BLOCKS = YES;
				GCC_WARN_64_TO_32_BIT_CONVERSION = YES;
				GCC_WARN_ABOUT_RETURN_TYPE = YES_ERROR;
				GCC_WARN_UNDECLARED_SELECTOR = YES;
				GCC_WARN_UNINITIALIZED_AUTOS = YES_AGGRESSIVE;
				GCC_WARN_UNUSED_FUNCTION = YES;
				GCC_WARN_UNUSED_VARIABLE = YES;
				IPHONEOS_DEPLOYMENT_TARGET = 17.5;
				LOCALIZATION_PREFERS_STRING_CATALOGS = YES;
				MTL_ENABLE_DEBUG_INFO = NO;
				MTL_FAST_MATH = YES;
				SDKROOT = iphoneos;
				SWIFT_COMPILATION_MODE = wholemodule;
				VALIDATE_PRODUCT = YES;
			};
			name = Release;
		};
		C3D35F4A2CCDCB4B00BC50A2 /* Debug */ = {
			isa = XCBuildConfiguration;
			buildSettings = {
				ASSETCATALOG_COMPILER_APPICON_NAME = AppIcon;
				ASSETCATALOG_COMPILER_GLOBAL_ACCENT_COLOR_NAME = AccentColor;
				CODE_SIGN_STYLE = Automatic;
				CURRENT_PROJECT_VERSION = 1;
				DEVELOPMENT_ASSET_PATHS = "\"IronVipers/Preview Content\"";
				ENABLE_PREVIEWS = YES;
				GENERATE_INFOPLIST_FILE = YES;
				INFOPLIST_KEY_UIApplicationSceneManifest_Generation = YES;
				INFOPLIST_KEY_UIApplicationSupportsIndirectInputEvents = YES;
				INFOPLIST_KEY_UILaunchScreen_Generation = YES;
				INFOPLIST_KEY_UISupportedInterfaceOrientations_iPad = "UIInterfaceOrientationPortrait UIInterfaceOrientationPortraitUpsideDown UIInterfaceOrientationLandscapeLeft UIInterfaceOrientationLandscapeRight";
				INFOPLIST_KEY_UISupportedInterfaceOrientations_iPhone = "UIInterfaceOrientationPortrait UIInterfaceOrientationLandscapeLeft UIInterfaceOrientationLandscapeRight";
				LD_RUNPATH_SEARCH_PATHS = (
					"$(inherited)",
					"@executable_path/Frameworks",
				);
				MARKETING_VERSION = 1.0;
				PRODUCT_BUNDLE_IDENTIFIER = com.hyel.IronVipers;
				PRODUCT_NAME = "$(TARGET_NAME)";
				SWIFT_EMIT_LOC_STRINGS = YES;
				SWIFT_VERSION = 5.0;
				TARGETED_DEVICE_FAMILY = "1,2";
			};
			name = Debug;
		};
		C3D35F4B2CCDCB4B00BC50A2 /* Release */ = {
			isa = XCBuildConfiguration;
			buildSettings = {
				ASSETCATALOG_COMPILER_APPICON_NAME = AppIcon;
				ASSETCATALOG_COMPILER_GLOBAL_ACCENT_COLOR_NAME = AccentColor;
				CODE_SIGN_STYLE = Automatic;
				CURRENT_PROJECT_VERSION = 1;
				DEVELOPMENT_ASSET_PATHS = "\"IronVipers/Preview Content\"";
				ENABLE_PREVIEWS = YES;
				GENERATE_INFOPLIST_FILE = YES;
				INFOPLIST_KEY_UIApplicationSceneManifest_Generation = YES;
				INFOPLIST_KEY_UIApplicationSupportsIndirectInputEvents = YES;
				INFOPLIST_KEY_UILaunchScreen_Generation = YES;
				INFOPLIST_KEY_UISupportedInterfaceOrientations_iPad = "UIInterfaceOrientationPortrait UIInterfaceOrientationPortraitUpsideDown UIInterfaceOrientationLandscapeLeft UIInterfaceOrientationLandscapeRight";
				INFOPLIST_KEY_UISupportedInterfaceOrientations_iPhone = "UIInterfaceOrientationPortrait UIInterfaceOrientationLandscapeLeft UIInterfaceOrientationLandscapeRight";
				LD_RUNPATH_SEARCH_PATHS = (
					"$(inherited)",
					"@executable_path/Frameworks",
				);
				MARKETING_VERSION = 1.0;
				PRODUCT_BUNDLE_IDENTIFIER = com.hyel.IronVipers;
				PRODUCT_NAME = "$(TARGET_NAME)";
				SWIFT_EMIT_LOC_STRINGS = YES;
				SWIFT_VERSION = 5.0;
				TARGETED_DEVICE_FAMILY = "1,2";
			};
			name = Release;
		};
/* End XCBuildConfiguration section */

/* Begin XCConfigurationList section */
		C3D35F362CCDCB4900BC50A2 /* Build configuration list for PBXProject "IronVipers" */ = {
			isa = XCConfigurationList;
			buildConfigurations = (
				C3D35F472CCDCB4B00BC50A2 /* Debug */,
				C3D35F482CCDCB4B00BC50A2 /* Release */,
			);
			defaultConfigurationIsVisible = 0;
			defaultConfigurationName = Release;
		};
		C3D35F492CCDCB4B00BC50A2 /* Build configuration list for PBXNativeTarget "IronVipers" */ = {
			isa = XCConfigurationList;
			buildConfigurations = (
				C3D35F4A2CCDCB4B00BC50A2 /* Debug */,
				C3D35F4B2CCDCB4B00BC50A2 /* Release */,
			);
			defaultConfigurationIsVisible = 0;
			defaultConfigurationName = Release;
		};
/* End XCConfigurationList section */
	};
	rootObject = C3D35F332CCDCB4900BC50A2 /* Project object */;
}
